
Microsoft Visual Studio Solution File, Format Version 12.00
# Visual Studio Version 16
VisualStudioVersion = 16.0.30517.126
MinimumVisualStudioVersion = 10.0.40219.1
Project("{FAE04EC0-301F-11D3-BF4B-00C04F79EFBC}") = "OOPListsAndObjects", "OOPListsAndObjects\OOPListsAndObjects.csproj", "{AF6B0637-C689-4ED1-9A82-A4577A882351}"
EndProject
Global
	GlobalSection(SolutionConfigurationPlatforms) = preSolution
		Debug|Any CPU = Debug|Any CPU
		Release|Any CPU = Release|Any CPU
	EndGlobalSection
	GlobalSection(ProjectConfigurationPlatforms) = postSolution
		{AF6B0637-C689-4ED1-9A82-A4577A882351}.Debug|Any CPU.ActiveCfg = Debug|Any CPU
		{AF6B0637-C689-4ED1-9A82-A4577A882351}.Debug|Any CPU.Build.0 = Debug|Any CPU
		{AF6B0637-C689-4ED1-9A82-A4577A882351}.Release|Any CPU.ActiveCfg = Release|Any CPU
		{AF6B0637-C689-4ED1-9A82-A4577A882351}.Release|Any CPU.Build.0 = Release|Any CPU
	EndGlobalSection
	GlobalSection(SolutionProperties) = preSolution
		HideSolutionNode = FALSE
	EndGlobalSection
	GlobalSection(ExtensibilityGlobals) = postSolution
		SolutionGuid = {29EC3CF9-2A9E-4209-AA48-E6D20DA22430}
	EndGlobalSection
EndGlobal
